
Microsoft Visual Studio Solution File, Format Version 12.00
# Visual Studio Version 17
VisualStudioVersion = 17.11.35327.3
MinimumVisualStudioVersion = 10.0.40219.1
Project("{FAE04EC0-301F-11D3-BF4B-00C04F79EFBC}") = "FlexaNG", "FlexaNG\FlexaNG.csproj", "{CA8AF6C7-6918-4D8D-963C-572A4A9DEF03}"
EndProject
Global
	GlobalSection(SolutionConfigurationPlatforms) = preSolution
		Debug|Any CPU = Debug|Any CPU
		Release|Any CPU = Release|Any CPU
	EndGlobalSection
	GlobalSection(ProjectConfigurationPlatforms) = postSolution
		{CA8AF6C7-6918-4D8D-963C-572A4A9DEF03}.Debug|Any CPU.ActiveCfg = Debug|Any CPU
		{CA8AF6C7-6918-4D8D-963C-572A4A9DEF03}.Debug|Any CPU.Build.0 = Debug|Any CPU
		{CA8AF6C7-6918-4D8D-963C-572A4A9DEF03}.Release|Any CPU.ActiveCfg = Release|Any CPU
		{CA8AF6C7-6918-4D8D-963C-572A4A9DEF03}.Release|Any CPU.Build.0 = Release|Any CPU
	EndGlobalSection
	GlobalSection(SolutionProperties) = preSolution
		HideSolutionNode = FALSE
	EndGlobalSection
	GlobalSection(ExtensibilityGlobals) = postSolution
		SolutionGuid = {5F62AABA-9AF5-419F-BCDF-BC0ED1ACF9A1}
	EndGlobalSection
EndGlobal
